
Microsoft Visual Studio Solution File, Format Version 12.00
# Visual Studio Version 16
VisualStudioVersion = 16.0.30611.23
MinimumVisualStudioVersion = 10.0.40219.1
Project("{FAE04EC0-301F-11D3-BF4B-00C04F79EFBC}") = "HeadlessFFXI", "HeadlessFFXI\HeadlessFFXI.csproj", "{6657D84F-5E11-453F-ADDA-C2B9F73A42DA}"
EndProject
Global
	GlobalSection(SolutionConfigurationPlatforms) = preSolution
		Debug|Any CPU = Debug|Any CPU
		Release|Any CPU = Release|Any CPU
	EndGlobalSection
	GlobalSection(ProjectConfigurationPlatforms) = postSolution
		{6657D84F-5E11-453F-ADDA-C2B9F73A42DA}.Debug|Any CPU.ActiveCfg = Debug|Any CPU
		{6657D84F-5E11-453F-ADDA-C2B9F73A42DA}.Debug|Any CPU.Build.0 = Debug|Any CPU
		{6657D84F-5E11-453F-ADDA-C2B9F73A42DA}.Release|Any CPU.ActiveCfg = Release|Any CPU
		{6657D84F-5E11-453F-ADDA-C2B9F73A42DA}.Release|Any CPU.Build.0 = Release|Any CPU
	EndGlobalSection
	GlobalSection(SolutionProperties) = preSolution
		HideSolutionNode = FALSE
	EndGlobalSection
	GlobalSection(ExtensibilityGlobals) = postSolution
		SolutionGuid = {238D44AF-8D04-4976-9EFD-2A659BB256C1}
	EndGlobalSection
EndGlobal
